
Microsoft Visual Studio Solution File, Format Version 12.00
# Visual Studio 2013
VisualStudioVersion = 12.0.30110.0
MinimumVisualStudioVersion = 10.0.40219.1
Project("{FAE04EC0-301F-11D3-BF4B-00C04F79EFBC}") = "Grav Maps", "NokiaMaps\Grav Maps.csproj", "{ACDDAD6C-1913-49B4-9401-A43B6D1CA453}"
EndProject
Global
	GlobalSection(SolutionConfigurationPlatforms) = preSolution
		Debug|Any CPU = Debug|Any CPU
		Debug|ARM = Debug|ARM
		Debug|x86 = Debug|x86
		Release|Any CPU = Release|Any CPU
		Release|ARM = Release|ARM
		Release|x86 = Release|x86
	EndGlobalSection
	GlobalSection(ProjectConfigurationPlatforms) = postSolution
		{ACDDAD6C-1913-49B4-9401-A43B6D1CA453}.Debug|Any CPU.ActiveCfg = Debug|Any CPU
		{ACDDAD6C-1913-49B4-9401-A43B6D1CA453}.Debug|Any CPU.Build.0 = Debug|Any CPU
		{ACDDAD6C-1913-49B4-9401-A43B6D1CA453}.Debug|Any CPU.Deploy.0 = Debug|Any CPU
		{ACDDAD6C-1913-49B4-9401-A43B6D1CA453}.Debug|ARM.ActiveCfg = Debug|ARM
		{ACDDAD6C-1913-49B4-9401-A43B6D1CA453}.Debug|ARM.Build.0 = Debug|ARM
		{ACDDAD6C-1913-49B4-9401-A43B6D1CA453}.Debug|ARM.Deploy.0 = Debug|ARM
		{ACDDAD6C-1913-49B4-9401-A43B6D1CA453}.Debug|x86.ActiveCfg = Debug|x86
		{ACDDAD6C-1913-49B4-9401-A43B6D1CA453}.Debug|x86.Build.0 = Debug|x86
		{ACDDAD6C-1913-49B4-9401-A43B6D1CA453}.Debug|x86.Deploy.0 = Debug|x86
		{ACDDAD6C-1913-49B4-9401-A43B6D1CA453}.Release|Any CPU.ActiveCfg = Release|Any CPU
		{ACDDAD6C-1913-49B4-9401-A43B6D1CA453}.Release|Any CPU.Build.0 = Release|Any CPU
		{ACDDAD6C-1913-49B4-9401-A43B6D1CA453}.Release|Any CPU.Deploy.0 = Release|Any CPU
		{ACDDAD6C-1913-49B4-9401-A43B6D1CA453}.Release|ARM.ActiveCfg = Release|ARM
		{ACDDAD6C-1913-49B4-9401-A43B6D1CA453}.Release|ARM.Build.0 = Release|ARM
		{ACDDAD6C-1913-49B4-9401-A43B6D1CA453}.Release|ARM.Deploy.0 = Release|ARM
		{ACDDAD6C-1913-49B4-9401-A43B6D1CA453}.Release|x86.ActiveCfg = Release|x86
		{ACDDAD6C-1913-49B4-9401-A43B6D1CA453}.Release|x86.Build.0 = Release|x86
		{ACDDAD6C-1913-49B4-9401-A43B6D1CA453}.Release|x86.Deploy.0 = Release|x86
	EndGlobalSection
	GlobalSection(SolutionProperties) = preSolution
		HideSolutionNode = FALSE
	EndGlobalSection
EndGlobal
